
Microsoft Visual Studio Solution File, Format Version 12.00
# Visual Studio Version 17
VisualStudioVersion = 17.5.33516.290
MinimumVisualStudioVersion = 10.0.40219.1
Project("{FAE04EC0-301F-11D3-BF4B-00C04F79EFBC}") = "Aircraft project", "Aircraft project\Aircraft project.csproj", "{B38B3F80-4F71-4206-9A97-6B60A3F949A9}"
EndProject
Global
	GlobalSection(SolutionConfigurationPlatforms) = preSolution
		Debug|Any CPU = Debug|Any CPU
		Release|Any CPU = Release|Any CPU
	EndGlobalSection
	GlobalSection(ProjectConfigurationPlatforms) = postSolution
		{B38B3F80-4F71-4206-9A97-6B60A3F949A9}.Debug|Any CPU.ActiveCfg = Debug|Any CPU
		{B38B3F80-4F71-4206-9A97-6B60A3F949A9}.Debug|Any CPU.Build.0 = Debug|Any CPU
		{B38B3F80-4F71-4206-9A97-6B60A3F949A9}.Release|Any CPU.ActiveCfg = Release|Any CPU
		{B38B3F80-4F71-4206-9A97-6B60A3F949A9}.Release|Any CPU.Build.0 = Release|Any CPU
	EndGlobalSection
	GlobalSection(SolutionProperties) = preSolution
		HideSolutionNode = FALSE
	EndGlobalSection
	GlobalSection(ExtensibilityGlobals) = postSolution
		SolutionGuid = {846B3DD2-3DDB-4F4C-AF52-D0759B9349E3}
	EndGlobalSection
EndGlobal
